
Microsoft Visual Studio Solution File, Format Version 12.00
# Visual Studio 2013
VisualStudioVersion = 12.0.31101.0
MinimumVisualStudioVersion = 10.0.40219.1
Project("{FAE04EC0-301F-11D3-BF4B-00C04F79EFBC}") = "BASE.COMMON", "BASE.COMMON\BASE.COMMON.csproj", "{934F5B18-E500-429C-8E66-514524D0A28B}"
EndProject
Project("{FAE04EC0-301F-11D3-BF4B-00C04F79EFBC}") = "SAKURA.SERVICEAGENT", "SAKURA.SERVICEAGENT\SAKURA.SERVICEAGENT.csproj", "{E6170D90-3119-4DDF-9158-B246832B3BF1}"
EndProject
Project("{FAE04EC0-301F-11D3-BF4B-00C04F79EFBC}") = "SAKURA.DATA", "SAKURA.DATA\SAKURA.DATA.csproj", "{1BB18B67-532D-4096-BA3B-9916EEA88327}"
EndProject
Project("{FAE04EC0-301F-11D3-BF4B-00C04F79EFBC}") = "SAKURA.FACADE", "SAKURA.FACADE\SAKURA.FACADE.csproj", "{C8A1299E-94B1-4AE3-894B-D846A6AF2189}"
EndProject
Project("{2150E333-8FDC-42A3-9474-1A3956D46DE8}") = "01 CLIENT LAYER", "01 CLIENT LAYER", "{41782F7E-00C9-4CED-9665-6440891E4B46}"
EndProject
Project("{2150E333-8FDC-42A3-9474-1A3956D46DE8}") = "02 API LAYER", "02 API LAYER", "{23D1A0AE-042C-4E6F-8514-05D0CF956F5D}"
EndProject
Project("{2150E333-8FDC-42A3-9474-1A3956D46DE8}") = "03 BUSINESS LAYER", "03 BUSINESS LAYER", "{5C3C01C2-BEFB-4CEA-85B1-928D913E776E}"
EndProject
Project("{2150E333-8FDC-42A3-9474-1A3956D46DE8}") = "04 DATA LAYER", "04 DATA LAYER", "{02C9CEA1-1B0A-423F-B26A-8BC51B611517}"
EndProject
Project("{2150E333-8FDC-42A3-9474-1A3956D46DE8}") = "05 CROSS CUTTING", "05 CROSS CUTTING", "{952D9733-F990-45F6-B1D4-E60B75F0DBA9}"
EndProject
Project("{FAE04EC0-301F-11D3-BF4B-00C04F79EFBC}") = "SAKURA.API", "SAKURA.API\SAKURA.API.csproj", "{A7861BBE-CFB8-4CD6-B4DF-0D512FF29991}"
EndProject
Project("{FAE04EC0-301F-11D3-BF4B-00C04F79EFBC}") = "SAKURA.CORE", "SAKURA.CORE\SAKURA.CORE.csproj", "{64794D46-B233-4DD9-B802-935FE77CF1F4}"
EndProject
Global
	GlobalSection(SolutionConfigurationPlatforms) = preSolution
		Debug|Any CPU = Debug|Any CPU
		Release|Any CPU = Release|Any CPU
	EndGlobalSection
	GlobalSection(ProjectConfigurationPlatforms) = postSolution
		{934F5B18-E500-429C-8E66-514524D0A28B}.Debug|Any CPU.ActiveCfg = Debug|Any CPU
		{934F5B18-E500-429C-8E66-514524D0A28B}.Debug|Any CPU.Build.0 = Debug|Any CPU
		{934F5B18-E500-429C-8E66-514524D0A28B}.Release|Any CPU.ActiveCfg = Release|Any CPU
		{934F5B18-E500-429C-8E66-514524D0A28B}.Release|Any CPU.Build.0 = Release|Any CPU
		{E6170D90-3119-4DDF-9158-B246832B3BF1}.Debug|Any CPU.ActiveCfg = Debug|Any CPU
		{E6170D90-3119-4DDF-9158-B246832B3BF1}.Debug|Any CPU.Build.0 = Debug|Any CPU
		{E6170D90-3119-4DDF-9158-B246832B3BF1}.Release|Any CPU.ActiveCfg = Release|Any CPU
		{E6170D90-3119-4DDF-9158-B246832B3BF1}.Release|Any CPU.Build.0 = Release|Any CPU
		{1BB18B67-532D-4096-BA3B-9916EEA88327}.Debug|Any CPU.ActiveCfg = Debug|Any CPU
		{1BB18B67-532D-4096-BA3B-9916EEA88327}.Debug|Any CPU.Build.0 = Debug|Any CPU
		{1BB18B67-532D-4096-BA3B-9916EEA88327}.Release|Any CPU.ActiveCfg = Release|Any CPU
		{1BB18B67-532D-4096-BA3B-9916EEA88327}.Release|Any CPU.Build.0 = Release|Any CPU
		{C8A1299E-94B1-4AE3-894B-D846A6AF2189}.Debug|Any CPU.ActiveCfg = Debug|Any CPU
		{C8A1299E-94B1-4AE3-894B-D846A6AF2189}.Debug|Any CPU.Build.0 = Debug|Any CPU
		{C8A1299E-94B1-4AE3-894B-D846A6AF2189}.Release|Any CPU.ActiveCfg = Release|Any CPU
		{C8A1299E-94B1-4AE3-894B-D846A6AF2189}.Release|Any CPU.Build.0 = Release|Any CPU
		{A7861BBE-CFB8-4CD6-B4DF-0D512FF29991}.Debug|Any CPU.ActiveCfg = Debug|Any CPU
		{A7861BBE-CFB8-4CD6-B4DF-0D512FF29991}.Debug|Any CPU.Build.0 = Debug|Any CPU
		{A7861BBE-CFB8-4CD6-B4DF-0D512FF29991}.Release|Any CPU.ActiveCfg = Release|Any CPU
		{A7861BBE-CFB8-4CD6-B4DF-0D512FF29991}.Release|Any CPU.Build.0 = Release|Any CPU
		{64794D46-B233-4DD9-B802-935FE77CF1F4}.Debug|Any CPU.ActiveCfg = Debug|Any CPU
		{64794D46-B233-4DD9-B802-935FE77CF1F4}.Debug|Any CPU.Build.0 = Debug|Any CPU
		{64794D46-B233-4DD9-B802-935FE77CF1F4}.Release|Any CPU.ActiveCfg = Release|Any CPU
		{64794D46-B233-4DD9-B802-935FE77CF1F4}.Release|Any CPU.Build.0 = Release|Any CPU
	EndGlobalSection
	GlobalSection(SolutionProperties) = preSolution
		HideSolutionNode = FALSE
	EndGlobalSection
	GlobalSection(NestedProjects) = preSolution
		{934F5B18-E500-429C-8E66-514524D0A28B} = {952D9733-F990-45F6-B1D4-E60B75F0DBA9}
		{E6170D90-3119-4DDF-9158-B246832B3BF1} = {02C9CEA1-1B0A-423F-B26A-8BC51B611517}
		{1BB18B67-532D-4096-BA3B-9916EEA88327} = {02C9CEA1-1B0A-423F-B26A-8BC51B611517}
		{C8A1299E-94B1-4AE3-894B-D846A6AF2189} = {5C3C01C2-BEFB-4CEA-85B1-928D913E776E}
		{A7861BBE-CFB8-4CD6-B4DF-0D512FF29991} = {23D1A0AE-042C-4E6F-8514-05D0CF956F5D}
		{64794D46-B233-4DD9-B802-935FE77CF1F4} = {5C3C01C2-BEFB-4CEA-85B1-928D913E776E}
	EndGlobalSection
EndGlobal
